
Microsoft Visual Studio Solution File, Format Version 12.00
# Visual Studio 14
VisualStudioVersion = 14.0.25420.1
MinimumVisualStudioVersion = 10.0.40219.1
Project("{FAE04EC0-301F-11D3-BF4B-00C04F79EFBC}") = "Survey", "Survey\Survey.csproj", "{463D49CB-D5C2-4430-894A-6C519A5DF2A7}"
EndProject
Project("{FAE04EC0-301F-11D3-BF4B-00C04F79EFBC}") = "Survey.Tests", "Survey.Tests\Survey.Tests.csproj", "{B6259B39-DD8A-4293-ABDE-2CAD426F3ABE}"
EndProject
Global
	GlobalSection(SolutionConfigurationPlatforms) = preSolution
		Debug|Any CPU = Debug|Any CPU
		Release|Any CPU = Release|Any CPU
	EndGlobalSection
	GlobalSection(ProjectConfigurationPlatforms) = postSolution
		{463D49CB-D5C2-4430-894A-6C519A5DF2A7}.Debug|Any CPU.ActiveCfg = Debug|Any CPU
		{463D49CB-D5C2-4430-894A-6C519A5DF2A7}.Debug|Any CPU.Build.0 = Debug|Any CPU
		{463D49CB-D5C2-4430-894A-6C519A5DF2A7}.Release|Any CPU.ActiveCfg = Release|Any CPU
		{463D49CB-D5C2-4430-894A-6C519A5DF2A7}.Release|Any CPU.Build.0 = Release|Any CPU
		{B6259B39-DD8A-4293-ABDE-2CAD426F3ABE}.Debug|Any CPU.ActiveCfg = Debug|Any CPU
		{B6259B39-DD8A-4293-ABDE-2CAD426F3ABE}.Debug|Any CPU.Build.0 = Debug|Any CPU
		{B6259B39-DD8A-4293-ABDE-2CAD426F3ABE}.Release|Any CPU.ActiveCfg = Release|Any CPU
		{B6259B39-DD8A-4293-ABDE-2CAD426F3ABE}.Release|Any CPU.Build.0 = Release|Any CPU
	EndGlobalSection
	GlobalSection(SolutionProperties) = preSolution
		HideSolutionNode = FALSE
	EndGlobalSection
EndGlobal
